{
  "schema": 1,
  "architecture": "amd64",
  "distribution": "trixie",
  "source_inputs": {
    "rules/dash-sai.dep": "c548c2f6655f9a99b329bc77d09caa1c0938e90f57640a58e658a9348eb30319",
    "rules/dash-sai.mk": "c53ff410a22150c57805a13df89d270e008790cbcfd4f8e409c304852b699401",
    "rules/grpc.mk": "80619b962619c57fbda62c3228d063beb35869eed7c1d078aa60ce6d470e590a",
    "rules/p4lang.dep": "1b021c27a9debdea1a4574364520e171c55da882927e3ed48228abf33fc94489",
    "rules/p4lang.mk": "b70a8a457eb787fa3d11cff8080cc2a302fac8ed82bb9bc30dd69734beabbad9",
    "rules/protobuf.mk": "91b63b8a8f894ddd271b01d57537557499f62839d5b68e820df469f4a495f01a",
    "rules/scapy.mk": "af17983a2157d9cbe765f4d55c1c419f4211c1d058df5f1cd6b314d7b9c16188",
    "sonic-slave-trixie/Dockerfile.j2": "b95ccc72f2d89a27718bd2053eeedea25a0018576e60c15b2ce4519852a476a3",
    "src/dash-sai/Makefile": "edf0d4786cbd4777271bdec89fe6064f18f87704d73648747a4d637eda4f65f3",
    "src/p4lang/Makefile": "7a47e4af8214d3e07449ae08feb2ab5c2af5e3c39dd76c1b7e26f756961540f1",
    "src/p4lang/p4lang-bmv2.patch/remove-unnecessary-dependencies.patch": "a6d2106a1150617503cebd660edf23662ff353162916a4cc0ae9da72735f5a36",
    "src/p4lang/p4lang-bmv2.patch/series": "38f94524d774f90a05ff61a42bea4c360b311130d538de552cdaf813e0c8b301",
    "src/p4lang/p4lang-bmv2.patch/use-boost-1.83.patch": "46e5e98de4eb3fb79cfec3c0be61a142ccd17431902e46458041d85df324ceda",
    "src/p4lang/p4lang-p4c.patch/fix-build-for-boost-1.83.patch": "9488abdd2d68b36578ee20258d936a10ea744d21b5f32883b019830d0bbda1b3",
    "src/p4lang/p4lang-p4c.patch/remove-protobuf-from-debian-dependency.patch": "613664ea26a0b6032e2d1ce6e1f42fcc25bdaf356207a6056f37ada414c75280",
    "src/p4lang/p4lang-p4c.patch/remove-scapy-from-debian-dependency.patch": "26c86ae087142e4542d79aaf520a8d96b7a0aee949040a057d5cbfe51765f8eb",
    "src/p4lang/p4lang-p4c.patch/series": "38f94524d774f90a05ff61a42bea4c360b311130d538de552cdaf813e0c8b301",
    "src/p4lang/p4lang-p4c.patch/update-thrift-dependency.patch": "a35b4aad51f869086ae36c21762b7af4ce0864d5290918840254e8caab0c9804",
    "src/p4lang/p4lang-p4c.patch/use-boost-1.83.patch": "4bb987132b095b85ef23eb96db1cd0ec0fe1cf588dd47fb8fb3bc82f0c8e1b7b",
    "src/p4lang/p4lang-pi.patch/remove-init-file.patch": "b75f9c9de25fe2b9b863f7a2ca315deb9f137c86e6b38f22da4e192fdeb9be77",
    "src/p4lang/p4lang-pi.patch/remove-protobuf-from-debian-dependency.patch": "b46b42aa6ed8976ea974132eabd31d529e34e7b48f21d13d230e030624d9d848",
    "src/p4lang/p4lang-pi.patch/series": "38f94524d774f90a05ff61a42bea4c360b311130d538de552cdaf813e0c8b301",
    "src/p4lang/p4lang-pi.patch/use-boost-1.83.patch": "210e6953aa7cd075147826d7f45767dad3d0415f0b5fcda9d4773128c6fda050",
    "src/protobuf/Makefile": "ae67cf36ab122f665b962f8ad93a270fa66a1ce396d18a936a1c1479a7cadf79",
    "src/grpc/Makefile": "67e23cd89a27c3a013a22a2c9dcea9f5c30cae4d263f7d72c08cd13db42ab59e",
    "files/build/versions-public/default/versions-docker": "33329e526ff0e72db097edd6b5a6b4fae80eb8f13beba5006287f0a12b763296",
    "files/build/versions-public/default/versions-git": "6db8c16159f8114788267675687358af4df981faab29af5b0f4df482ae0b14dd",
    "files/build/versions-public/default/versions-web": "fc4f22269538250ffb4d614a44786066c6213b7762514474709cab8650ba1fd7",
    "files/build/versions-public/default/versions-mirror": "c57a3887f7cb5ac04b04f5d22302550bb77f0e5ac1148e9f04fc8b5cece924ff",
    "files/build/versions-public/build/build-sonic-slave-trixie/versions-deb-trixie": "6d0e18c606e6e36b926ed6a1a89c57e2d0cf4f10db7024a164870399893b6713",
    "files/build/versions-public/build/build-sonic-slave-trixie/versions-git": "640df22dbcd91a39905b772bd10524fdd832379c16354b4213f6411afae86d92",
    "files/build/versions-public/build/build-sonic-slave-trixie/versions-py3": "be14a818af56bf433b6ac025aab54432b40887e0a082c16f5fde4437af850e52"
  },
  "provenance_url": "https://github.com/securely1g/sonic-buildimage/releases/download/p4-prebuilt-trixie-amd64-20261007/provenance.json",
  "packages": [
    {
      "repository": "p4_prebuilt_pi",
      "name": "p4lang-pi",
      "version": "0.1.3-2",
      "filename": "p4lang-pi_0.1.3-2_amd64.deb",
      "size": 1579264,
      "sha256": "27e9171bd0fc2a5c9bd866743ed139f5846a10a6588295e373efb5fbcc33a755",
      "url": "https://github.com/securely1g/sonic-buildimage/releases/download/p4-prebuilt-trixie-amd64-20261007/p4lang-pi_0.1.3-2_amd64.deb"
    },
    {
      "repository": "p4_prebuilt_bmv2",
      "name": "p4lang-bmv2",
      "version": "1.15.0-9",
      "filename": "p4lang-bmv2_1.15.0-9_amd64.deb",
      "size": 6900652,
      "sha256": "f6f709bb0f97b114b8fa49528fbac34a0911a56b3c9c6f488e856efb80f364d5",
      "url": "https://github.com/securely1g/sonic-buildimage/releases/download/p4-prebuilt-trixie-amd64-20261007/p4lang-bmv2_1.15.0-9_amd64.deb"
    },
    {
      "repository": "p4_prebuilt_p4c",
      "name": "p4lang-p4c",
      "version": "1.2.4.2-3",
      "filename": "p4lang-p4c_1.2.4.2-3_amd64.deb",
      "size": 45768672,
      "sha256": "e2f99dc072bf3c563728b576ed630de9bad3a202cdf7495423b74bdf0a533738",
      "url": "https://github.com/securely1g/sonic-buildimage/releases/download/p4-prebuilt-trixie-amd64-20261007/p4lang-p4c_1.2.4.2-3_amd64.deb"
    },
    {
      "repository": "p4_prebuilt_dash",
      "name": "libsai",
      "version": "1.0.0",
      "filename": "libsai_1.0.0_amd64.deb",
      "size": 1711100,
      "sha256": "f25678a309bf32b86d58ffcdba488f24d8e738070bb39685b8c04fdc70f1454c",
      "url": "https://github.com/securely1g/sonic-buildimage/releases/download/p4-prebuilt-trixie-amd64-20261007/libsai_1.0.0_amd64.deb"
    },
    {
      "repository": "p4_prebuilt_dash_dev",
      "name": "libsai-dev",
      "version": "1.0.0",
      "filename": "libsai-dev_1.0.0_amd64.deb",
      "size": 139364,
      "sha256": "54740fbc424d7ef9d98c83c433c2f7a023805a1b623205fab6f3bc2a774d61e9",
      "url": "https://github.com/securely1g/sonic-buildimage/releases/download/p4-prebuilt-trixie-amd64-20261007/libsai-dev_1.0.0_amd64.deb"
    }
  ],
  "provenance_sha256": "79c912ffbd8a0a14d2de163561cf1115205959d86970f4806c66d0455951a49d",
  "source_revisions": {
    "dash_sai": "d5c003dd7774c2b43f275c0233acc73a0ea28d2f"
  }
}
